
Microsoft Visual Studio Solution File, Format Version 12.00
# Visual Studio Version 16
VisualStudioVersion = 16.0.29920.165
MinimumVisualStudioVersion = 10.0.40219.1
Project("{FAE04EC0-301F-11D3-BF4B-00C04F79EFBC}") = "DogGo", "DogGo\DogGo.csproj", "{AA645319-163B-4D05-9285-17FA3005C74D}"
EndProject
Global
	GlobalSection(SolutionConfigurationPlatforms) = preSolution
		Debug|Any CPU = Debug|Any CPU
		Release|Any CPU = Release|Any CPU
	EndGlobalSection
	GlobalSection(ProjectConfigurationPlatforms) = postSolution
		{AA645319-163B-4D05-9285-17FA3005C74D}.Debug|Any CPU.ActiveCfg = Debug|Any CPU
		{AA645319-163B-4D05-9285-17FA3005C74D}.Debug|Any CPU.Build.0 = Debug|Any CPU
		{AA645319-163B-4D05-9285-17FA3005C74D}.Release|Any CPU.ActiveCfg = Release|Any CPU
		{AA645319-163B-4D05-9285-17FA3005C74D}.Release|Any CPU.Build.0 = Release|Any CPU
	EndGlobalSection
	GlobalSection(SolutionProperties) = preSolution
		HideSolutionNode = FALSE
	EndGlobalSection
	GlobalSection(ExtensibilityGlobals) = postSolution
		SolutionGuid = {856F764D-54E0-4CF6-894E-86A101E04E00}
	EndGlobalSection
EndGlobal
